
Microsoft Visual Studio Solution File, Format Version 12.00
# Visual Studio Version 17
VisualStudioVersion = 17.5.002.0
MinimumVisualStudioVersion = 10.0.40219.1
Project("{9A19103F-16F7-4668-BE54-9A1E7A4F7556}") = "Task1", "Task1\Task1.csproj", "{9FF5DE4C-CA68-47BB-A668-2E8487FA30F0}"
EndProject
Global
	GlobalSection(SolutionConfigurationPlatforms) = preSolution
		Debug|Any CPU = Debug|Any CPU
		Release|Any CPU = Release|Any CPU
	EndGlobalSection
	GlobalSection(ProjectConfigurationPlatforms) = postSolution
		{9FF5DE4C-CA68-47BB-A668-2E8487FA30F0}.Debug|Any CPU.ActiveCfg = Debug|Any CPU
		{9FF5DE4C-CA68-47BB-A668-2E8487FA30F0}.Debug|Any CPU.Build.0 = Debug|Any CPU
		{9FF5DE4C-CA68-47BB-A668-2E8487FA30F0}.Release|Any CPU.ActiveCfg = Release|Any CPU
		{9FF5DE4C-CA68-47BB-A668-2E8487FA30F0}.Release|Any CPU.Build.0 = Release|Any CPU
	EndGlobalSection
	GlobalSection(SolutionProperties) = preSolution
		HideSolutionNode = FALSE
	EndGlobalSection
	GlobalSection(ExtensibilityGlobals) = postSolution
		SolutionGuid = {14AC7E6A-BBD3-470D-B192-6086A78797F9}
	EndGlobalSection
EndGlobal
